PODS:
  - Alamofire (4.6.0)
  - AudioKit (4.0.4):
    - AudioKit/UI (= 4.0.4)
  - AudioKit/UI (4.0.4)

DEPENDENCIES:
  - Alamofire
  - AudioKit (~> 4.0)

SPEC CHECKSUMS:
  Alamofire: f41a599bd63041760b26d393ec1069d9d7b917f4
  AudioKit: 647145c0462dc9dc8a8582998cd6db5f2e1ea848

PODFILE CHECKSUM: 9f40a94c91be815886b143e6eacab85c30d51adf

COCOAPODS: 1.4.0
